<?xml version="1.0" encoding="utf-8"?>
<Project ToolsVersion="4.0" xmlns="http://schemas.microsoft.com/developer/msbuild/2003">
  <ItemGroup>
    <Filter Include="Исходные файлы">
      <UniqueIdentifier>{4FC737F1-C7A5-4376-A066-2A32D752A2FF}</UniqueIdentifier>
      <Extensions>cpp;c;cc;cxx;c++;cppm;ixx;def;odl;idl;hpj;bat;asm;asmx</Extensions>
    </Filter>
    <Filter Include="Файлы заголовков">
      <UniqueIdentifier>{93995380-89BD-4b04-88EB-625FBE52EBFB}</UniqueIdentifier>
      <Extensions>h;hh;hpp;hxx;h++;hm;inl;inc;ipp;xsd</Extensions>
    </Filter>
    <Filter Include="Файлы ресурсов">
      <UniqueIdentifier>{67DA6AB6-F800-4c08-8B7A-83BB121AAD01}</UniqueIdentifier>
      <Extensions>rc;ico;cur;bmp;dlg;rc2;rct;bin;rgs;gif;jpg;jpeg;jpe;resx;tiff;tif;png;wav;mfcribbon-ms</Extensions>
    </Filter>
  </ItemGroup>
  <ItemGroup>
    <Media Include="resources\music\loss.mp3">
      <Filter>Файлы ресурсов</Filter>
    </Media>
    <Media Include="resources\music\won.mp3">
      <Filter>Файлы ресурсов</Filter>
    </Media>
    <Media Include="resources\music\allo_ben.MP3">
      <Filter>Файлы ресурсов</Filter>
    </Media>
    <Media Include="resources\music\ben_bb.mp3">
      <Filter>Файлы ресурсов</Filter>
    </Media>
    <Media Include="resources\music\ben_yes.wav">
      <Filter>Файлы ресурсов</Filter>
    </Media>
    <Media Include="resources\music\ben_no.wav">
      <Filter>Файлы ресурсов</Filter>
    </Media>
    <Media Include="resources\music\ben_yy.wav">
      <Filter>Файлы ресурсов</Filter>
    </Media>
    <Media Include="resources\music\benn_ughhh.wav">
      <Filter>Файлы ресурсов</Filter>
    </Media>
    <Media Include="resources\music\ben_haha.wav">
      <Filter>Файлы ресурсов</Filter>
    </Media>
    <Media Include="resources\music\ben_hahaha.wav">
      <Filter>Файлы ресурсов</Filter>
    </Media>
    <Media Include="resources\music\ben_hehehe.wav">
      <Filter>Файлы ресурсов</Filter>
    </Media>
    <Media Include="resources\music\ben_hyhyhy.wav">
      <Filter>Файлы ресурсов</Filter>
    </Media>
    <Media Include="resources\music\ben_mmm.wav">
      <Filter>Файлы ресурсов</Filter>
    </Media>
  </ItemGroup>
  <ItemGroup>
    <ClInclude Include="include\hangman.h">
      <Filter>Файлы заголовков</Filter>
    </ClInclude>
    <ClInclude Include="include\includes.h">
      <Filter>Файлы заголовков</Filter>
    </ClInclude>
    <ClInclude Include="include\statistics.h">
      <Filter>Файлы заголовков</Filter>
    </ClInclude>
    <ClInclude Include="include\timer.h">
      <Filter>Файлы заголовков</Filter>
    </ClInclude>
  </ItemGroup>
  <ItemGroup>
    <ClCompile Include="display_hangman.cpp">
      <Filter>Исходные файлы</Filter>
    </ClCompile>
    <ClCompile Include="hangman.cpp">
      <Filter>Исходные файлы</Filter>
    </ClCompile>
    <ClCompile Include="main.cpp">
      <Filter>Исходные файлы</Filter>
    </ClCompile>
    <ClCompile Include="play.cpp">
      <Filter>Исходные файлы</Filter>
    </ClCompile>
    <ClCompile Include="statistics.cpp">
      <Filter>Исходные файлы</Filter>
    </ClCompile>
    <ClCompile Include="timer.cpp">
      <Filter>Исходные файлы</Filter>
    </ClCompile>
  </ItemGroup>
  <ItemGroup>
    <Text Include="resources\words\words_all_all_crypt.txt">
      <Filter>Файлы ресурсов</Filter>
    </Text>
    <Text Include="resources\words\words_all_easy_crypt.txt">
      <Filter>Файлы ресурсов</Filter>
    </Text>
    <Text Include="resources\words\words_all_hard_crypt.txt">
      <Filter>Файлы ресурсов</Filter>
    </Text>
    <Text Include="resources\words\words_all_impossible_crypt.txt">
      <Filter>Файлы ресурсов</Filter>
    </Text>
    <Text Include="resources\words\words_all_medium_crypt.txt">
      <Filter>Файлы ресурсов</Filter>
    </Text>
    <Text Include="resources\words\words_botany_all_crypt.txt">
      <Filter>Файлы ресурсов</Filter>
    </Text>
    <Text Include="resources\words\words_botany_easy_crypt.txt">
      <Filter>Файлы ресурсов</Filter>
    </Text>
    <Text Include="resources\words\words_botany_hard_crypt.txt">
      <Filter>Файлы ресурсов</Filter>
    </Text>
    <Text Include="resources\words\words_botany_impossible_crypt.txt">
      <Filter>Файлы ресурсов</Filter>
    </Text>
    <Text Include="resources\words\words_botany_medium_crypt.txt">
      <Filter>Файлы ресурсов</Filter>
    </Text>
    <Text Include="resources\words\words_city_all_crypt.txt">
      <Filter>Файлы ресурсов</Filter>
    </Text>
    <Text Include="resources\words\words_city_easy_crypt.txt">
      <Filter>Файлы ресурсов</Filter>
    </Text>
    <Text Include="resources\words\words_city_hard_crypt.txt">
      <Filter>Файлы ресурсов</Filter>
    </Text>
    <Text Include="resources\words\words_city_impossible_crypt.txt">
      <Filter>Файлы ресурсов</Filter>
    </Text>
    <Text Include="resources\words\words_city_medium_crypt.txt">
      <Filter>Файлы ресурсов</Filter>
    </Text>
    <Text Include="resources\words\words_fauna_all_crypt.txt">
      <Filter>Файлы ресурсов</Filter>
    </Text>
    <Text Include="resources\words\words_fauna_easy_crypt.txt">
      <Filter>Файлы ресурсов</Filter>
    </Text>
    <Text Include="resources\words\words_fauna_hard_crypt.txt">
      <Filter>Файлы ресурсов</Filter>
    </Text>
    <Text Include="resources\words\words_fauna_impossible_crypt.txt">
      <Filter>Файлы ресурсов</Filter>
    </Text>
    <Text Include="resources\words\words_fauna_medium_crypt.txt">
      <Filter>Файлы ресурсов</Filter>
    </Text>
    <Text Include="resources\words\words_flora_all_crypt.txt">
      <Filter>Файлы ресурсов</Filter>
    </Text>
    <Text Include="resources\words\words_flora_easy_crypt.txt">
      <Filter>Файлы ресурсов</Filter>
    </Text>
    <Text Include="resources\words\words_flora_hard_crypt.txt">
      <Filter>Файлы ресурсов</Filter>
    </Text>
    <Text Include="resources\words\words_flora_impossible_crypt.txt">
      <Filter>Файлы ресурсов</Filter>
    </Text>
    <Text Include="resources\words\words_flora_medium_crypt.txt">
      <Filter>Файлы ресурсов</Filter>
    </Text>
    <Text Include="resources\words\words_normal_all_crypt.txt">
      <Filter>Файлы ресурсов</Filter>
    </Text>
    <Text Include="resources\words\words_normal_easy_crypt.txt">
      <Filter>Файлы ресурсов</Filter>
    </Text>
    <Text Include="resources\words\words_normal_hard_crypt.txt">
      <Filter>Файлы ресурсов</Filter>
    </Text>
    <Text Include="resources\words\words_normal_impossible_crypt.txt">
      <Filter>Файлы ресурсов</Filter>
    </Text>
    <Text Include="resources\words\words_normal_medium_crypt.txt">
      <Filter>Файлы ресурсов</Filter>
    </Text>
    <Text Include="resources\words\words_physics_all_crypt.txt">
      <Filter>Файлы ресурсов</Filter>
    </Text>
    <Text Include="resources\words\words_physics_easy_crypt.txt">
      <Filter>Файлы ресурсов</Filter>
    </Text>
    <Text Include="resources\words\words_physics_hard_crypt.txt">
      <Filter>Файлы ресурсов</Filter>
    </Text>
    <Text Include="resources\words\words_physics_impossible_crypt.txt">
      <Filter>Файлы ресурсов</Filter>
    </Text>
    <Text Include="resources\words\words_physics_medium_crypt.txt">
      <Filter>Файлы ресурсов</Filter>
    </Text>
  </ItemGroup>
</Project>